
Microsoft Visual Studio Solution File, Format Version 12.00
# Visual Studio Version 17
VisualStudioVersion = 17.0.31912.275
MinimumVisualStudioVersion = 10.0.40219.1
Project("{FAE04EC0-301F-11D3-BF4B-00C04F79EFBC}") = "TypingGame", "TypingGame.csproj", "{DFD043E6-21AC-4FFA-AC19-624157C1C01F}"
EndProject
Global
	GlobalSection(SolutionConfigurationPlatforms) = preSolution
		Debug|Any CPU = Debug|Any CPU
		Release|Any CPU = Release|Any CPU
	EndGlobalSection
	GlobalSection(ProjectConfigurationPlatforms) = postSolution
		{DFD043E6-21AC-4FFA-AC19-624157C1C01F}.Debug|Any CPU.ActiveCfg = Debug|Any CPU
		{DFD043E6-21AC-4FFA-AC19-624157C1C01F}.Debug|Any CPU.Build.0 = Debug|Any CPU
		{DFD043E6-21AC-4FFA-AC19-624157C1C01F}.Release|Any CPU.ActiveCfg = Release|Any CPU
		{DFD043E6-21AC-4FFA-AC19-624157C1C01F}.Release|Any CPU.Build.0 = Release|Any CPU
	EndGlobalSection
	GlobalSection(SolutionProperties) = preSolution
		HideSolutionNode = FALSE
	EndGlobalSection
	GlobalSection(ExtensibilityGlobals) = postSolution
		SolutionGuid = {DA9C6E61-B930-48DC-A28B-0593DC4605C0}
	EndGlobalSection
EndGlobal
